// !$*UTF8*$!
{
	archiveVersion = 1;
	classes = {
	};
	objectVersion = 51;
	objects = {

/* Begin PBXBuildFile section */
		4F260AD0D0292DCCFAC35CB5 /* Pods_MeloApp.framework in Frameworks */ = {isa = PBXBuildFile; fileRef = CF6C6652C0B662584432F7D6 /* Pods_MeloApp.framework */; };
		5A037634259431380075DF9D /* BubbleVideoChat.swift in Sources */ = {isa = PBXBuildFile; fileRef = 5A037632259431380075DF9D /* BubbleVideoChat.swift */; };
		5A037635259431380075DF9D /* BubbleVideoChat.xib in Resources */ = {isa = PBXBuildFile; fileRef = 5A037633259431380075DF9D /* BubbleVideoChat.xib */; };
		5A037639259431540075DF9D /* BubbleBaseChat.swift in Sources */ = {isa = PBXBuildFile; fileRef = 5A037638259431540075DF9D /* BubbleBaseChat.swift */; };
		5A03763C2594324E0075DF9D /* BubbleBaseChatDelegate.swift in Sources */ = {isa = PBXBuildFile; fileRef = 5A03763B2594324E0075DF9D /* BubbleBaseChatDelegate.swift */; };
		5A03764B259463090075DF9D /* Config.swift in Sources */ = {isa = PBXBuildFile; fileRef = 5A03764A259463090075DF9D /* Config.swift */; };
		5A03764E2594640D0075DF9D /* ImageLoading.swift in Sources */ = {isa = PBXBuildFile; fileRef = 5A03764D2594640D0075DF9D /* ImageLoading.swift */; };
		5A068F0E259812FB0061E115 /* VideoDetailViewController.swift in Sources */ = {isa = PBXBuildFile; fileRef = 5A068F0D259812FB0061E115 /* VideoDetailViewController.swift */; };
		5A068F122598A3C70061E115 /* loadingAnimation.json in Resources */ = {isa = PBXBuildFile; fileRef = 5A068F112598A3C40061E115 /* loadingAnimation.json */; };
		5A068F1B2598A6E60061E115 /* loadingAnimation-white.json in Resources */ = {isa = PBXBuildFile; fileRef = 5A068F1A2598A6E60061E115 /* loadingAnimation-white.json */; };
		5A0CCC3A259A2260006FAD71 /* ChatLogViewController+TableMessage.swift in Sources */ = {isa = PBXBuildFile; fileRef = 5A0CCC39259A2260006FAD71 /* ChatLogViewController+TableMessage.swift */; };
		5A0DEFA4259D4B7800A6F998 /* stickerList.plist in Resources */ = {isa = PBXBuildFile; fileRef = 5A0DEFA2259D4B7700A6F998 /* stickerList.plist */; };
		5A0DEFA5259D4B7800A6F998 /* emojiList.plist in Resources */ = {isa = PBXBuildFile; fileRef = 5A0DEFA3259D4B7800A6F998 /* emojiList.plist */; };
		5A0DEFA9259D6A3B00A6F998 /* EmotionInputView.xib in Resources */ = {isa = PBXBuildFile; fileRef = 5A0DEFA8259D6A3B00A6F998 /* EmotionInputView.xib */; };
		5A0DEFAD259D7ACE00A6F998 /* EmotionInputView.swift in Sources */ = {isa = PBXBuildFile; fileRef = 5A0DEFAC259D7ACE00A6F998 /* EmotionInputView.swift */; };
		5A0DEFB0259D7D3A00A6F998 /* EmotionPickerView.swift in Sources */ = {isa = PBXBuildFile; fileRef = 5A0DEFAF259D7D3A00A6F998 /* EmotionPickerView.swift */; };
		5A0DEFB3259D7D4600A6F998 /* EmotionPickerView.xib in Resources */ = {isa = PBXBuildFile; fileRef = 5A0DEFB2259D7D4600A6F998 /* EmotionPickerView.xib */; };
		5A0DEFB6259D7ED100A6F998 /* StickerPickerView.xib in Resources */ = {isa = PBXBuildFile; fileRef = 5A0DEFB5259D7ED100A6F998 /* StickerPickerView.xib */; };
		5A0DEFB9259D7EE700A6F998 /* StickerPickerView.swift in Sources */ = {isa = PBXBuildFile; fileRef = 5A0DEFB8259D7EE700A6F998 /* StickerPickerView.swift */; };
		5A0DEFC6259E27B300A6F998 /* ChatLogViewController+Emotion.swift in Sources */ = {isa = PBXBuildFile; fileRef = 5A0DEFC5259E27B300A6F998 /* ChatLogViewController+Emotion.swift */; };
		5A11720E25A1D7DE00AD8D8B /* BubbleStickerChat.swift in Sources */ = {isa = PBXBuildFile; fileRef = 5A11720C25A1D7DE00AD8D8B /* BubbleStickerChat.swift */; };
		5A11720F25A1D7DE00AD8D8B /* BubbleStickerChat.xib in Resources */ = {isa = PBXBuildFile; fileRef = 5A11720D25A1D7DE00AD8D8B /* BubbleStickerChat.xib */; };
		5A2666DD258993A500669B03 /* eercast.ttf in Resources */ = {isa = PBXBuildFile; fileRef = 5A2666DC258993A500669B03 /* eercast.ttf */; };
		5A2666EA25899D4F00669B03 /* LoginViewController.swift in Sources */ = {isa = PBXBuildFile; fileRef = 5A2666E925899D4F00669B03 /* LoginViewController.swift */; };
		5A2666EE25899DF500669B03 /* Main.storyboard in Resources */ = {isa = PBXBuildFile; fileRef = 5A2666ED25899DF500669B03 /* Main.storyboard */; };
		5A3C3E31259650210009EF29 /* ChatLogViewController+CellHandlers.swift in Sources */ = {isa = PBXBuildFile; fileRef = 5A3C3E30259650210009EF29 /* ChatLogViewController+CellHandlers.swift */; };
		5A3C3E362596506F0009EF29 /* ChatLogViewController+Extensions.swift in Sources */ = {isa = PBXBuildFile; fileRef = 5A3C3E352596506F0009EF29 /* ChatLogViewController+Extensions.swift */; };
		5A48702A25A37AAE009A9897 /* ChatLogViewController+ListMessageManager.swift in Sources */ = {isa = PBXBuildFile; fileRef = 5A48702925A37AAE009A9897 /* ChatLogViewController+ListMessageManager.swift */; };
		5A4C35A92587517C00AAED51 /* AppDelegate.swift in Sources */ = {isa = PBXBuildFile; fileRef = 5A4C35A82587517C00AAED51 /* AppDelegate.swift */; };
		5A4C35AB2587517C00AAED51 /* SceneDelegate.swift in Sources */ = {isa = PBXBuildFile; fileRef = 5A4C35AA2587517C00AAED51 /* SceneDelegate.swift */; };
		5A4C35B22587517E00AAED51 /* Assets.xcassets in Resources */ = {isa = PBXBuildFile; fileRef = 5A4C35B12587517E00AAED51 /* Assets.xcassets */; };
		5A4C35B52587517E00AAED51 /* LaunchScreen.storyboard in Resources */ = {isa = PBXBuildFile; fileRef = 5A4C35B32587517E00AAED51 /* LaunchScreen.storyboard */; };
		5A4ED0812595EE6900702478 /* StorageController.swift in Sources */ = {isa = PBXBuildFile; fileRef = 5A4ED0802595EE6900702478 /* StorageController.swift */; };
		5A4ED0842596340E00702478 /* ImageDetailViewController.swift in Sources */ = {isa = PBXBuildFile; fileRef = 5A4ED0832596340D00702478 /* ImageDetailViewController.swift */; };
		5A4ED087259646DE00702478 /* ChatLogViewController+KeyboardHandler.swift in Sources */ = {isa = PBXBuildFile; fileRef = 5A4ED086259646DE00702478 /* ChatLogViewController+KeyboardHandler.swift */; };
		5A50654A258AEAD1000A97F2 /* CoversationsViewController.swift in Sources */ = {isa = PBXBuildFile; fileRef = 5A506549258AEAD1000A97F2 /* CoversationsViewController.swift */; };
		5A50654D258AF796000A97F2 /* ContactsViewController.swift in Sources */ = {isa = PBXBuildFile; fileRef = 5A50654C258AF796000A97F2 /* ContactsViewController.swift */; };
		5A506558258B01D4000A97F2 /* ConversationPrivateCell.swift in Sources */ = {isa = PBXBuildFile; fileRef = 5A506556258B01D4000A97F2 /* ConversationPrivateCell.swift */; };
		5A506559258B01D4000A97F2 /* ConversationPrivateCell.xib in Resources */ = {isa = PBXBuildFile; fileRef = 5A506557258B01D4000A97F2 /* ConversationPrivateCell.xib */; };
		5A50655D258B0D1A000A97F2 /* Constants.swift in Sources */ = {isa = PBXBuildFile; fileRef = 5A50655C258B0D1A000A97F2 /* Constants.swift */; };
		5A506566258B0E45000A97F2 /* ContactCell.swift in Sources */ = {isa = PBXBuildFile; fileRef = 5A506564258B0E45000A97F2 /* ContactCell.swift */; };
		5A506567258B0E45000A97F2 /* ContactCell.xib in Resources */ = {isa = PBXBuildFile; fileRef = 5A506565258B0E45000A97F2 /* ContactCell.xib */; };
		5A50656C258B10F0000A97F2 /* OnlineFriendCell.swift in Sources */ = {isa = PBXBuildFile; fileRef = 5A50656A258B10F0000A97F2 /* OnlineFriendCell.swift */; };
		5A50656D258B10F0000A97F2 /* OnlineFriendCell.xib in Resources */ = {isa = PBXBuildFile; fileRef = 5A50656B258B10F0000A97F2 /* OnlineFriendCell.xib */; };
		5A506575258B5662000A97F2 /* TabBarController.swift in Sources */ = {isa = PBXBuildFile; fileRef = 5A506574258B5661000A97F2 /* TabBarController.swift */; };
		5A506578258B6467000A97F2 /* NavigationBarController.swift in Sources */ = {isa = PBXBuildFile; fileRef = 5A506577258B6467000A97F2 /* NavigationBarController.swift */; };
		5A524052259FE78800050C82 /* ChatLogViewController+Networking.swift in Sources */ = {isa = PBXBuildFile; fileRef = 5A524051259FE78800050C82 /* ChatLogViewController+Networking.swift */; };
		5A65FE86259B175D00D7C0B7 /* GoogleService-Info.plist in Resources */ = {isa = PBXBuildFile; fileRef = 5A65FE85259B175D00D7C0B7 /* GoogleService-Info.plist */; };
		5A66F6AD25998D8900BE3A65 /* PlayerManager.swift in Sources */ = {isa = PBXBuildFile; fileRef = 5A66F6AC25998D8900BE3A65 /* PlayerManager.swift */; };
		5A70C1BF2588F3870048560F /* User.swift in Sources */ = {isa = PBXBuildFile; fileRef = 5A70C1BE2588F3870048560F /* User.swift */; };
		5A70C1C22588F4CB0048560F /* Group.swift in Sources */ = {isa = PBXBuildFile; fileRef = 5A70C1C12588F4CB0048560F /* Group.swift */; };
		5A70C1C52588F5D50048560F /* Message.swift in Sources */ = {isa = PBXBuildFile; fileRef = 5A70C1C42588F5D50048560F /* Message.swift */; };
		5A70C1C92588F71D0048560F /* TypeDef.swift in Sources */ = {isa = PBXBuildFile; fileRef = 5A70C1C82588F71D0048560F /* TypeDef.swift */; };
		5A70C1CC2588F88D0048560F /* UserAction.swift in Sources */ = {isa = PBXBuildFile; fileRef = 5A70C1CB2588F88D0048560F /* UserAction.swift */; };
		5A70C1CF25890EBC0048560F /* Extension.swift in Sources */ = {isa = PBXBuildFile; fileRef = 5A70C1CE25890EBC0048560F /* Extension.swift */; };
		5A754A0E258BA78D00A3B21D /* LoadingIndicator.swift in Sources */ = {isa = PBXBuildFile; fileRef = 5A754A0D258BA78D00A3B21D /* LoadingIndicator.swift */; };
		5A754A11258BA80100A3B21D /* LoadingIndicator.xib in Resources */ = {isa = PBXBuildFile; fileRef = 5A754A10258BA80100A3B21D /* LoadingIndicator.xib */; };
		5A791833258C867B009051BA /* AuthController.swift in Sources */ = {isa = PBXBuildFile; fileRef = 5A791832258C867B009051BA /* AuthController.swift */; };
		5A791837258C9881009051BA /* UserAcitivity.swift in Sources */ = {isa = PBXBuildFile; fileRef = 5A791836258C9881009051BA /* UserAcitivity.swift */; };
		5A79183B258CE4E3009051BA /* NewMessageViewController.swift in Sources */ = {isa = PBXBuildFile; fileRef = 5A79183A258CE4E3009051BA /* NewMessageViewController.swift */; };
		5A79183F258CF0F2009051BA /* DatabaseController.swift in Sources */ = {isa = PBXBuildFile; fileRef = 5A79183E258CF0F2009051BA /* DatabaseController.swift */; };
		5A7F8F52258C3243005092FD /* CurrentUser.swift in Sources */ = {isa = PBXBuildFile; fileRef = 5A7F8F51258C3243005092FD /* CurrentUser.swift */; };
		5A992F2F258F349700BEF630 /* BubbleTextChat.xib in Resources */ = {isa = PBXBuildFile; fileRef = 5A992F2D258F349700BEF630 /* BubbleTextChat.xib */; };
		5A992F33258F34AD00BEF630 /* BubbleTextChat.swift in Sources */ = {isa = PBXBuildFile; fileRef = 5A992F31258F34AD00BEF630 /* BubbleTextChat.swift */; };
		5AAF835825A0C8D600867BEF /* NavigationBarChatLog.xib in Resources */ = {isa = PBXBuildFile; fileRef = 5AAF835725A0C8D600867BEF /* NavigationBarChatLog.xib */; };
		5AAF835B25A0D01200867BEF /* NavigationBarNormal.xib in Resources */ = {isa = PBXBuildFile; fileRef = 5AAF835A25A0D01200867BEF /* NavigationBarNormal.xib */; };
		5AAF835E25A0D13500867BEF /* NavigationBarMain.xib in Resources */ = {isa = PBXBuildFile; fileRef = 5AAF835D25A0D13500867BEF /* NavigationBarMain.xib */; };
		5AAF836225A0D72800867BEF /* NavigationBarChatLog.swift in Sources */ = {isa = PBXBuildFile; fileRef = 5AAF836125A0D72800867BEF /* NavigationBarChatLog.swift */; };
		5AAF836525A0D73A00867BEF /* NavigationBarNormal.swift in Sources */ = {isa = PBXBuildFile; fileRef = 5AAF836425A0D73A00867BEF /* NavigationBarNormal.swift */; };
		5AAF836825A0D74800867BEF /* NavigationBarMain.swift in Sources */ = {isa = PBXBuildFile; fileRef = 5AAF836725A0D74800867BEF /* NavigationBarMain.swift */; };
		5AC65940258A644800155FB5 /* RegisterViewController.swift in Sources */ = {isa = PBXBuildFile; fileRef = 5AC6593F258A644800155FB5 /* RegisterViewController.swift */; };
		5AE6086E2594E3FF005D09DD /* TypeMessage.swift in Sources */ = {isa = PBXBuildFile; fileRef = 5AE6086D2594E3FF005D09DD /* TypeMessage.swift */; };
		5AED0C85258D9ACC004D1900 /* ChatLogViewController.swift in Sources */ = {isa = PBXBuildFile; fileRef = 5AED0C84258D9ACC004D1900 /* ChatLogViewController.swift */; };
		5AEF847D259C810700B9E972 /* PageControlCell.swift in Sources */ = {isa = PBXBuildFile; fileRef = 5AEF8479259C810600B9E972 /* PageControlCell.swift */; };
		5AEF847E259C810700B9E972 /* PageControlView.xib in Resources */ = {isa = PBXBuildFile; fileRef = 5AEF847A259C810700B9E972 /* PageControlView.xib */; };
		5AEF847F259C810700B9E972 /* PageControlCell.xib in Resources */ = {isa = PBXBuildFile; fileRef = 5AEF847B259C810700B9E972 /* PageControlCell.xib */; };
		5AEF8480259C810700B9E972 /* PageControlView.swift in Sources */ = {isa = PBXBuildFile; fileRef = 5AEF847C259C810700B9E972 /* PageControlView.swift */; };
		5AEF84A5259C81BF00B9E972 /* StickerCell.swift in Sources */ = {isa = PBXBuildFile; fileRef = 5AEF849D259C81BC00B9E972 /* StickerCell.swift */; };
		5AEF84A6259C81BF00B9E972 /* StickerModel.swift in Sources */ = {isa = PBXBuildFile; fileRef = 5AEF849E259C81BD00B9E972 /* StickerModel.swift */; };
		5AEF84A7259C81BF00B9E972 /* ListStickerCollectionViewCell.xib in Resources */ = {isa = PBXBuildFile; fileRef = 5AEF849F259C81BD00B9E972 /* ListStickerCollectionViewCell.xib */; };
		5AEF84A8259C81BF00B9E972 /* StickerPicker+PageControl.swift in Sources */ = {isa = PBXBuildFile; fileRef = 5AEF84A0259C81BD00B9E972 /* StickerPicker+PageControl.swift */; };
		5AEF84A9259C81BF00B9E972 /* ListStickerCollectionViewCell.swift in Sources */ = {isa = PBXBuildFile; fileRef = 5AEF84A1259C81BE00B9E972 /* ListStickerCollectionViewCell.swift */; };
		5AEF84AA259C81BF00B9E972 /* StickerCell.xib in Resources */ = {isa = PBXBuildFile; fileRef = 5AEF84A2259C81BE00B9E972 /* StickerCell.xib */; };
		5AEF84AB259C81BF00B9E972 /* StickerPicker.xib in Resources */ = {isa = PBXBuildFile; fileRef = 5AEF84A3259C81BE00B9E972 /* StickerPicker.xib */; };
		5AEF84AC259C81BF00B9E972 /* StickerPicker.swift in Sources */ = {isa = PBXBuildFile; fileRef = 5AEF84A4259C81BF00B9E972 /* StickerPicker.swift */; };
		5AEF84CC259C9BD400B9E972 /* image.jpeg in Resources */ = {isa = PBXBuildFile; fileRef = 5AEF84CB259C9BD400B9E972 /* image.jpeg */; };
		5AF2B69E2590DEC900C49BF0 /* BubbleImageChat.swift in Sources */ = {isa = PBXBuildFile; fileRef = 5AF2B69C2590DEC900C49BF0 /* BubbleImageChat.swift */; };
		5AF2B69F2590DEC900C49BF0 /* BubbleImageChat.xib in Resources */ = {isa = PBXBuildFile; fileRef = 5AF2B69D2590DEC900C49BF0 /* BubbleImageChat.xib */; };
/* End PBXBuildFile section */

/* Begin PBXFileReference section */
		5A037632259431380075DF9D /* BubbleVideoChat.swift */ = {isa = PBXFileReference; lastKnownFileType = sourcecode.swift; path = BubbleVideoChat.swift; sourceTree = "<group>"; };
		5A037633259431380075DF9D /* BubbleVideoChat.xib */ = {isa = PBXFileReference; lastKnownFileType = file.xib; path = BubbleVideoChat.xib; sourceTree = "<group>"; };
		5A037638259431540075DF9D /* BubbleBaseChat.swift */ = {isa = PBXFileReference; lastKnownFileType = sourcecode.swift; path = BubbleBaseChat.swift; sourceTree = "<group>"; };
		5A03763B2594324E0075DF9D /* BubbleBaseChatDelegate.swift */ = {isa = PBXFileReference; lastKnownFileType = sourcecode.swift; path = BubbleBaseChatDelegate.swift; sourceTree = "<group>"; };
		5A03764A259463090075DF9D /* Config.swift */ = {isa = PBXFileReference; lastKnownFileType = sourcecode.swift; path = Config.swift; sourceTree = "<group>"; };
		5A03764D2594640D0075DF9D /* ImageLoading.swift */ = {isa = PBXFileReference; lastKnownFileType = sourcecode.swift; path = ImageLoading.swift; sourceTree = "<group>"; };
		5A068F0D259812FB0061E115 /* VideoDetailViewController.swift */ = {isa = PBXFileReference; lastKnownFileType = sourcecode.swift; path = VideoDetailViewController.swift; sourceTree = "<group>"; };
		5A068F112598A3C40061E115 /* loadingAnimation.json */ = {isa = PBXFileReference; fileEncoding = 4; lastKnownFileType = text.json; path = loadingAnimation.json; sourceTree = "<group>"; };
		5A068F1A2598A6E60061E115 /* loadingAnimation-white.json */ = {isa = PBXFileReference; fileEncoding = 4; lastKnownFileType = text.json; path = "loadingAnimation-white.json"; sourceTree = "<group>"; };
		5A0CCC39259A2260006FAD71 /* ChatLogViewController+TableMessage.swift */ = {isa = PBXFileReference; lastKnownFileType = sourcecode.swift; path = "ChatLogViewController+TableMessage.swift"; sourceTree = "<group>"; };
		5A0DEFA2259D4B7700A6F998 /* stickerList.plist */ = {isa = PBXFileReference; fileEncoding = 4; lastKnownFileType = text.plist.xml; path = stickerList.plist; sourceTree = "<group>"; };
		5A0DEFA3259D4B7800A6F998 /* emojiList.plist */ = {isa = PBXFileReference; fileEncoding = 4; lastKnownFileType = text.plist.xml; path = emojiList.plist; sourceTree = "<group>"; };
		5A0DEFA8259D6A3B00A6F998 /* EmotionInputView.xib */ = {isa = PBXFileReference; lastKnownFileType = file.xib; path = EmotionInputView.xib; sourceTree = "<group>"; };
		5A0DEFAC259D7ACE00A6F998 /* EmotionInputView.swift */ = {isa = PBXFileReference; lastKnownFileType = sourcecode.swift; path = EmotionInputView.swift; sourceTree = "<group>"; };
		5A0DEFAF259D7D3A00A6F998 /* EmotionPickerView.swift */ = {isa = PBXFileReference; lastKnownFileType = sourcecode.swift; path = EmotionPickerView.swift; sourceTree = "<group>"; };
		5A0DEFB2259D7D4600A6F998 /* EmotionPickerView.xib */ = {isa = PBXFileReference; lastKnownFileType = file.xib; path = EmotionPickerView.xib; sourceTree = "<group>"; };
		5A0DEFB5259D7ED100A6F998 /* StickerPickerView.xib */ = {isa = PBXFileReference; lastKnownFileType = file.xib; path = StickerPickerView.xib; sourceTree = "<group>"; };
		5A0DEFB8259D7EE700A6F998 /* StickerPickerView.swift */ = {isa = PBXFileReference; lastKnownFileType = sourcecode.swift; path = StickerPickerView.swift; sourceTree = "<group>"; };
		5A0DEFC5259E27B300A6F998 /* ChatLogViewController+Emotion.swift */ = {isa = PBXFileReference; lastKnownFileType = sourcecode.swift; path = "ChatLogViewController+Emotion.swift"; sourceTree = "<group>"; };
		5A11720C25A1D7DE00AD8D8B /* BubbleStickerChat.swift */ = {isa = PBXFileReference; lastKnownFileType = sourcecode.swift; name = BubbleStickerChat.swift; path = "../../../View/View Cell/BubbleStickerChat.swift"; sourceTree = "<group>"; };
		5A11720D25A1D7DE00AD8D8B /* BubbleStickerChat.xib */ = {isa = PBXFileReference; lastKnownFileType = file.xib; path = BubbleStickerChat.xib; sourceTree = "<group>"; };
		5A2666DC258993A500669B03 /* eercast.ttf */ = {isa = PBXFileReference; lastKnownFileType = file; path = eercast.ttf; sourceTree = "<group>"; };
		5A2666E925899D4F00669B03 /* LoginViewController.swift */ = {isa = PBXFileReference; fileEncoding = 4; lastKnownFileType = sourcecode.swift; path = LoginViewController.swift; sourceTree = "<group>"; };
		5A2666ED25899DF500669B03 /* Main.storyboard */ = {isa = PBXFileReference; lastKnownFileType = file.storyboard; path = Main.storyboard; sourceTree = "<group>"; };
		5A3C3E30259650210009EF29 /* ChatLogViewController+CellHandlers.swift */ = {isa = PBXFileReference; lastKnownFileType = sourcecode.swift; path = "ChatLogViewController+CellHandlers.swift"; sourceTree = "<group>"; };
		5A3C3E352596506F0009EF29 /* ChatLogViewController+Extensions.swift */ = {isa = PBXFileReference; lastKnownFileType = sourcecode.swift; path = "ChatLogViewController+Extensions.swift"; sourceTree = "<group>"; };
		5A48702925A37AAE009A9897 /* ChatLogViewController+ListMessageManager.swift */ = {isa = PBXFileReference; lastKnownFileType = sourcecode.swift; path = "ChatLogViewController+ListMessageManager.swift"; sourceTree = "<group>"; };
		5A4C35A52587517C00AAED51 /* MeloApp.app */ = {isa = PBXFileReference; explicitFileType = wrapper.application; includeInIndex = 0; path = MeloApp.app; sourceTree = BUILT_PRODUCTS_DIR; };
		5A4C35A82587517C00AAED51 /* AppDelegate.swift */ = {isa = PBXFileReference; lastKnownFileType = sourcecode.swift; path = AppDelegate.swift; sourceTree = "<group>"; };
		5A4C35AA2587517C00AAED51 /* SceneDelegate.swift */ = {isa = PBXFileReference; lastKnownFileType = sourcecode.swift; path = SceneDelegate.swift; sourceTree = "<group>"; };
		5A4C35B12587517E00AAED51 /* Assets.xcassets */ = {isa = PBXFileReference; lastKnownFileType = folder.assetcatalog; path = Assets.xcassets; sourceTree = "<group>"; };
		5A4C35B42587517E00AAED51 /* Base */ = {isa = PBXFileReference; lastKnownFileType = file.storyboard; name = Base; path = Base.lproj/LaunchScreen.storyboard; sourceTree = "<group>"; };
		5A4C35B62587517E00AAED51 /* Info.plist */ = {isa = PBXFileReference; lastKnownFileType = text.plist.xml; path = Info.plist; sourceTree = "<group>"; };
		5A4ED0802595EE6900702478 /* StorageController.swift */ = {isa = PBXFileReference; lastKnownFileType = sourcecode.swift; path = StorageController.swift; sourceTree = "<group>"; };
		5A4ED0832596340D00702478 /* ImageDetailViewController.swift */ = {isa = PBXFileReference; lastKnownFileType = sourcecode.swift; path = ImageDetailViewController.swift; sourceTree = "<group>"; };
		5A4ED086259646DE00702478 /* ChatLogViewController+KeyboardHandler.swift */ = {isa = PBXFileReference; lastKnownFileType = sourcecode.swift; path = "ChatLogViewController+KeyboardHandler.swift"; sourceTree = "<group>"; };
		5A506549258AEAD1000A97F2 /* CoversationsViewController.swift */ = {isa = PBXFileReference; lastKnownFileType = sourcecode.swift; path = CoversationsViewController.swift; sourceTree = "<group>"; };
		5A50654C258AF796000A97F2 /* ContactsViewController.swift */ = {isa = PBXFileReference; lastKnownFileType = sourcecode.swift; path = ContactsViewController.swift; sourceTree = "<group>"; };
		5A506556258B01D4000A97F2 /* ConversationPrivateCell.swift */ = {isa = PBXFileReference; lastKnownFileType = sourcecode.swift; path = ConversationPrivateCell.swift; sourceTree = "<group>"; };
		5A506557258B01D4000A97F2 /* ConversationPrivateCell.xib */ = {isa = PBXFileReference; lastKnownFileType = file.xib; path = ConversationPrivateCell.xib; sourceTree = "<group>"; };
		5A50655C258B0D1A000A97F2 /* Constants.swift */ = {isa = PBXFileReference; lastKnownFileType = sourcecode.swift; path = Constants.swift; sourceTree = "<group>"; };
		5A506564258B0E45000A97F2 /* ContactCell.swift */ = {isa = PBXFileReference; lastKnownFileType = sourcecode.swift; path = ContactCell.swift; sourceTree = "<group>"; };
		5A506565258B0E45000A97F2 /* ContactCell.xib */ = {isa = PBXFileReference; lastKnownFileType = file.xib; path = ContactCell.xib; sourceTree = "<group>"; };
		5A50656A258B10F0000A97F2 /* OnlineFriendCell.swift */ = {isa = PBXFileReference; lastKnownFileType = sourcecode.swift; path = OnlineFriendCell.swift; sourceTree = "<group>"; };
		5A50656B258B10F0000A97F2 /* OnlineFriendCell.xib */ = {isa = PBXFileReference; lastKnownFileType = file.xib; path = OnlineFriendCell.xib; sourceTree = "<group>"; };
		5A506574258B5661000A97F2 /* TabBarController.swift */ = {isa = PBXFileReference; lastKnownFileType = sourcecode.swift; path = TabBarController.swift; sourceTree = "<group>"; };
		5A506577258B6467000A97F2 /* NavigationBarController.swift */ = {isa = PBXFileReference; lastKnownFileType = sourcecode.swift; path = NavigationBarController.swift; sourceTree = "<group>"; };
		5A524051259FE78800050C82 /* ChatLogViewController+Networking.swift */ = {isa = PBXFileReference; lastKnownFileType = sourcecode.swift; path = "ChatLogViewController+Networking.swift"; sourceTree = "<group>"; };
		5A65FE85259B175D00D7C0B7 /* GoogleService-Info.plist */ = {isa = PBXFileReference; fileEncoding = 4; lastKnownFileType = text.plist.xml; path = "GoogleService-Info.plist"; sourceTree = "<group>"; };
		5A66F6AC25998D8900BE3A65 /* PlayerManager.swift */ = {isa = PBXFileReference; lastKnownFileType = sourcecode.swift; path = PlayerManager.swift; sourceTree = "<group>"; };
		5A70C1BE2588F3870048560F /* User.swift */ = {isa = PBXFileReference; lastKnownFileType = sourcecode.swift; path = User.swift; sourceTree = "<group>"; };
		5A70C1C12588F4CB0048560F /* Group.swift */ = {isa = PBXFileReference; lastKnownFileType = sourcecode.swift; path = Group.swift; sourceTree = "<group>"; };
		5A70C1C42588F5D50048560F /* Message.swift */ = {isa = PBXFileReference; lastKnownFileType = sourcecode.swift; path = Message.swift; sourceTree = "<group>"; };
		5A70C1C82588F71D0048560F /* TypeDef.swift */ = {isa = PBXFileReference; lastKnownFileType = sourcecode.swift; path = TypeDef.swift; sourceTree = "<group>"; };
		5A70C1CB2588F88D0048560F /* UserAction.swift */ = {isa = PBXFileReference; lastKnownFileType = sourcecode.swift; path = UserAction.swift; sourceTree = "<group>"; };
		5A70C1CE25890EBC0048560F /* Extension.swift */ = {isa = PBXFileReference; lastKnownFileType = sourcecode.swift; path = Extension.swift; sourceTree = "<group>"; };
		5A754A0D258BA78D00A3B21D /* LoadingIndicator.swift */ = {isa = PBXFileReference; lastKnownFileType = sourcecode.swift; path = LoadingIndicator.swift; sourceTree = "<group>"; };
		5A754A10258BA80100A3B21D /* LoadingIndicator.xib */ = {isa = PBXFileReference; lastKnownFileType = file.xib; path = LoadingIndicator.xib; sourceTree = "<group>"; };
		5A791832258C867B009051BA /* AuthController.swift */ = {isa = PBXFileReference; lastKnownFileType = sourcecode.swift; path = AuthController.swift; sourceTree = "<group>"; };
		5A791836258C9881009051BA /* UserAcitivity.swift */ = {isa = PBXFileReference; lastKnownFileType = sourcecode.swift; path = UserAcitivity.swift; sourceTree = "<group>"; };
		5A79183A258CE4E3009051BA /* NewMessageViewController.swift */ = {isa = PBXFileReference; lastKnownFileType = sourcecode.swift; path = NewMessageViewController.swift; sourceTree = "<group>"; };
		5A79183E258CF0F2009051BA /* DatabaseController.swift */ = {isa = PBXFileReference; lastKnownFileType = sourcecode.swift; path = DatabaseController.swift; sourceTree = "<group>"; };
		5A7F8F51258C3243005092FD /* CurrentUser.swift */ = {isa = PBXFileReference; lastKnownFileType = sourcecode.swift; path = CurrentUser.swift; sourceTree = "<group>"; };
		5A992F2D258F349700BEF630 /* BubbleTextChat.xib */ = {isa = PBXFileReference; lastKnownFileType = file.xib; path = BubbleTextChat.xib; sourceTree = "<group>"; };
		5A992F31258F34AD00BEF630 /* BubbleTextChat.swift */ = {isa = PBXFileReference; lastKnownFileType = sourcecode.swift; path = BubbleTextChat.swift; sourceTree = "<group>"; };
		5AAF835725A0C8D600867BEF /* NavigationBarChatLog.xib */ = {isa = PBXFileReference; lastKnownFileType = file.xib; path = NavigationBarChatLog.xib; sourceTree = "<group>"; };
		5AAF835A25A0D01200867BEF /* NavigationBarNormal.xib */ = {isa = PBXFileReference; lastKnownFileType = file.xib; path = NavigationBarNormal.xib; sourceTree = "<group>"; };
		5AAF835D25A0D13500867BEF /* NavigationBarMain.xib */ = {isa = PBXFileReference; lastKnownFileType = file.xib; path = NavigationBarMain.xib; sourceTree = "<group>"; };
		5AAF836125A0D72800867BEF /* NavigationBarChatLog.swift */ = {isa = PBXFileReference; lastKnownFileType = sourcecode.swift; path = NavigationBarChatLog.swift; sourceTree = "<group>"; };
		5AAF836425A0D73A00867BEF /* NavigationBarNormal.swift */ = {isa = PBXFileReference; lastKnownFileType = sourcecode.swift; path = NavigationBarNormal.swift; sourceTree = "<group>"; };
		5AAF836725A0D74800867BEF /* NavigationBarMain.swift */ = {isa = PBXFileReference; lastKnownFileType = sourcecode.swift; path = NavigationBarMain.swift; sourceTree = "<group>"; };
		5AC6593F258A644800155FB5 /* RegisterViewController.swift */ = {isa = PBXFileReference; lastKnownFileType = sourcecode.swift; path = RegisterViewController.swift; sourceTree = "<group>"; };
		5AE6086D2594E3FF005D09DD /* TypeMessage.swift */ = {isa = PBXFileReference; lastKnownFileType = sourcecode.swift; path = TypeMessage.swift; sourceTree = "<group>"; };
		5AED0C84258D9ACC004D1900 /* ChatLogViewController.swift */ = {isa = PBXFileReference; lastKnownFileType = sourcecode.swift; path = ChatLogViewController.swift; sourceTree = "<group>"; };
		5AEF8479259C810600B9E972 /* PageControlCell.swift */ = {isa = PBXFileReference; fileEncoding = 4; lastKnownFileType = sourcecode.swift; path = PageControlCell.swift; sourceTree = "<group>"; };
		5AEF847A259C810700B9E972 /* PageControlView.xib */ = {isa = PBXFileReference; fileEncoding = 4; lastKnownFileType = file.xib; path = PageControlView.xib; sourceTree = "<group>"; };
		5AEF847B259C810700B9E972 /* PageControlCell.xib */ = {isa = PBXFileReference; fileEncoding = 4; lastKnownFileType = file.xib; path = PageControlCell.xib; sourceTree = "<group>"; };
		5AEF847C259C810700B9E972 /* PageControlView.swift */ = {isa = PBXFileReference; fileEncoding = 4; lastKnownFileType = sourcecode.swift; path = PageControlView.swift; sourceTree = "<group>"; };
		5AEF849D259C81BC00B9E972 /* StickerCell.swift */ = {isa = PBXFileReference; fileEncoding = 4; lastKnownFileType = sourcecode.swift; path = StickerCell.swift; sourceTree = "<group>"; };
		5AEF849E259C81BD00B9E972 /* StickerModel.swift */ = {isa = PBXFileReference; fileEncoding = 4; lastKnownFileType = sourcecode.swift; path = StickerModel.swift; sourceTree = "<group>"; };
		5AEF849F259C81BD00B9E972 /* ListStickerCollectionViewCell.xib */ = {isa = PBXFileReference; fileEncoding = 4; lastKnownFileType = file.xib; path = ListStickerCollectionViewCell.xib; sourceTree = "<group>"; };
		5AEF84A0259C81BD00B9E972 /* StickerPicker+PageControl.swift */ = {isa = PBXFileReference; fileEncoding = 4; lastKnownFileType = sourcecode.swift; path = "StickerPicker+PageControl.swift"; sourceTree = "<group>"; };
		5AEF84A1259C81BE00B9E972 /* ListStickerCollectionViewCell.swift */ = {isa = PBXFileReference; fileEncoding = 4; lastKnownFileType = sourcecode.swift; path = ListStickerCollectionViewCell.swift; sourceTree = "<group>"; };
		5AEF84A2259C81BE00B9E972 /* StickerCell.xib */ = {isa = PBXFileReference; fileEncoding = 4; lastKnownFileType = file.xib; path = StickerCell.xib; sourceTree = "<group>"; };
		5AEF84A3259C81BE00B9E972 /* StickerPicker.xib */ = {isa = PBXFileReference; fileEncoding = 4; lastKnownFileType = file.xib; path = StickerPicker.xib; sourceTree = "<group>"; };
		5AEF84A4259C81BF00B9E972 /* StickerPicker.swift */ = {isa = PBXFileReference; fileEncoding = 4; lastKnownFileType = sourcecode.swift; path = StickerPicker.swift; sourceTree = "<group>"; };
		5AEF84CB259C9BD400B9E972 /* image.jpeg */ = {isa = PBXFileReference; lastKnownFileType = image.jpeg; path = image.jpeg; sourceTree = SOURCE_ROOT; };
		5AF2B69C2590DEC900C49BF0 /* BubbleImageChat.swift */ = {isa = PBXFileReference; lastKnownFileType = sourcecode.swift; path = BubbleImageChat.swift; sourceTree = "<group>"; };
		5AF2B69D2590DEC900C49BF0 /* BubbleImageChat.xib */ = {isa = PBXFileReference; lastKnownFileType = file.xib; path = BubbleImageChat.xib; sourceTree = "<group>"; };
		CF6C6652C0B662584432F7D6 /* Pods_MeloApp.framework */ = {isa = PBXFileReference; explicitFileType = wrapper.framework; includeInIndex = 0; path = Pods_MeloApp.framework; sourceTree = BUILT_PRODUCTS_DIR; };
		CFF9234769C530D7763BC809 /* Pods-MeloApp.debug.xcconfig */ = {isa = PBXFileReference; includeInIndex = 1; lastKnownFileType = text.xcconfig; name = "Pods-MeloApp.debug.xcconfig"; path = "Target Support Files/Pods-MeloApp/Pods-MeloApp.debug.xcconfig"; sourceTree = "<group>"; };
		E07A5DE286C57D271543718E /* Pods-MeloApp.release.xcconfig */ = {isa = PBXFileReference; includeInIndex = 1; lastKnownFileType = text.xcconfig; name = "Pods-MeloApp.release.xcconfig"; path = "Target Support Files/Pods-MeloApp/Pods-MeloApp.release.xcconfig"; sourceTree = "<group>"; };
/* End PBXFileReference section */

/* Begin PBXFrameworksBuildPhase section */
		5A4C35A22587517C00AAED51 /* Frameworks */ = {
			isa = PBXFrameworksBuildPhase;
			buildActionMask = 2147483647;
			files = (
				4F260AD0D0292DCCFAC35CB5 /* Pods_MeloApp.framework in Frameworks */,
			);
			runOnlyForDeploymentPostprocessing = 0;
		};
/* End PBXFrameworksBuildPhase section */

/* Begin PBXGroup section */
		387C8C3A5432017CEA44AFF0 /* Pods */ = {
			isa = PBXGroup;
			children = (
				CFF9234769C530D7763BC809 /* Pods-MeloApp.debug.xcconfig */,
				E07A5DE286C57D271543718E /* Pods-MeloApp.release.xcconfig */,
			);
			path = Pods;
			sourceTree = "<group>";
		};
		5A0A6D1425A080680022BD62 /* CustomNavigationBar */ = {
			isa = PBXGroup;
			children = (
				5AAF835725A0C8D600867BEF /* NavigationBarChatLog.xib */,
				5AAF835A25A0D01200867BEF /* NavigationBarNormal.xib */,
				5AAF835D25A0D13500867BEF /* NavigationBarMain.xib */,
				5AAF836125A0D72800867BEF /* NavigationBarChatLog.swift */,
				5AAF836425A0D73A00867BEF /* NavigationBarNormal.swift */,
				5AAF836725A0D74800867BEF /* NavigationBarMain.swift */,
			);
			path = CustomNavigationBar;
			sourceTree = "<group>";
		};
		5A4C359C2587517C00AAED51 = {
			isa = PBXGroup;
			children = (
				5A4C35A72587517C00AAED51 /* MeloApp */,
				5A4C35A62587517C00AAED51 /* Products */,
				387C8C3A5432017CEA44AFF0 /* Pods */,
				EB8ECEC8FD5E991F7F356E5E /* Frameworks */,
			);
			sourceTree = "<group>";
		};
		5A4C35A62587517C00AAED51 /* Products */ = {
			isa = PBXGroup;
			children = (
				5A4C35A52587517C00AAED51 /* MeloApp.app */,
			);
			name = Products;
			sourceTree = "<group>";
		};
		5A4C35A72587517C00AAED51 /* MeloApp */ = {
			isa = PBXGroup;
			children = (
				5A4C35A82587517C00AAED51 /* AppDelegate.swift */,
				5A4C35AA2587517C00AAED51 /* SceneDelegate.swift */,
				5A4C35B62587517E00AAED51 /* Info.plist */,
				5A65FE85259B175D00D7C0B7 /* GoogleService-Info.plist */,
				5A70C1972588F05B0048560F /* Model */,
				5A70C1982588F0610048560F /* View */,
				5A70C1992588F0680048560F /* Controller */,
				5A70C1D125890FFB0048560F /* Helper */,
				5A70C1C72588F7050048560F /* Macro */,
				5A754A18258BBBEC00A3B21D /* Assets */,
				5A2666DC258993A500669B03 /* eercast.ttf */,
			);
			path = MeloApp;
			sourceTree = "<group>";
		};
		5A4ED08A2596487400702478 /* ChatLogViewController */ = {
			isa = PBXGroup;
			children = (
				5AEF84B8259C936F00B9E972 /* EmotionInputView */,
				5AED0C84258D9ACC004D1900 /* ChatLogViewController.swift */,
				5A4ED086259646DE00702478 /* ChatLogViewController+KeyboardHandler.swift */,
				5A3C3E30259650210009EF29 /* ChatLogViewController+CellHandlers.swift */,
				5A3C3E352596506F0009EF29 /* ChatLogViewController+Extensions.swift */,
				5A0CCC39259A2260006FAD71 /* ChatLogViewController+TableMessage.swift */,
				5A0DEFC5259E27B300A6F998 /* ChatLogViewController+Emotion.swift */,
				5A524051259FE78800050C82 /* ChatLogViewController+Networking.swift */,
				5A48702925A37AAE009A9897 /* ChatLogViewController+ListMessageManager.swift */,
			);
			path = ChatLogViewController;
			sourceTree = "<group>";
		};
		5A50656F258B1100000A97F2 /* View Cell */ = {
			isa = PBXGroup;
			children = (
				5A506557258B01D4000A97F2 /* ConversationPrivateCell.xib */,
				5A506565258B0E45000A97F2 /* ContactCell.xib */,
				5A50656B258B10F0000A97F2 /* OnlineFriendCell.xib */,
				5A992F2D258F349700BEF630 /* BubbleTextChat.xib */,
				5AF2B69D2590DEC900C49BF0 /* BubbleImageChat.xib */,
				5A037633259431380075DF9D /* BubbleVideoChat.xib */,
				5A11720D25A1D7DE00AD8D8B /* BubbleStickerChat.xib */,
			);
			path = "View Cell";
			sourceTree = "<group>";
		};
		5A506570258B1114000A97F2 /* LauchScreen */ = {
			isa = PBXGroup;
			children = (
				5A4C35B32587517E00AAED51 /* LaunchScreen.storyboard */,
			);
			path = LauchScreen;
			sourceTree = "<group>";
		};
		5A506572258B1131000A97F2 /* ControllerCell */ = {
			isa = PBXGroup;
			children = (
				5A66F6AA2599645200BE3A65 /* BubbleChatLogCell */,
				5A50656A258B10F0000A97F2 /* OnlineFriendCell.swift */,
				5A506564258B0E45000A97F2 /* ContactCell.swift */,
				5A506556258B01D4000A97F2 /* ConversationPrivateCell.swift */,
			);
			path = ControllerCell;
			sourceTree = "<group>";
		};
		5A66F6A92599628A00BE3A65 /* AuthViewController */ = {
			isa = PBXGroup;
			children = (
				5A2666E925899D4F00669B03 /* LoginViewController.swift */,
				5AC6593F258A644800155FB5 /* RegisterViewController.swift */,
			);
			path = AuthViewController;
			sourceTree = "<group>";
		};
		5A66F6AA2599645200BE3A65 /* BubbleChatLogCell */ = {
			isa = PBXGroup;
			children = (
				5A037638259431540075DF9D /* BubbleBaseChat.swift */,
				5A03763B2594324E0075DF9D /* BubbleBaseChatDelegate.swift */,
				5A992F31258F34AD00BEF630 /* BubbleTextChat.swift */,
				5AF2B69C2590DEC900C49BF0 /* BubbleImageChat.swift */,
				5A037632259431380075DF9D /* BubbleVideoChat.swift */,
				5A11720C25A1D7DE00AD8D8B /* BubbleStickerChat.swift */,
			);
			path = BubbleChatLogCell;
			sourceTree = "<group>";
		};
		5A69033F259B84DE00B2AFDA /* ComponentController */ = {
			isa = PBXGroup;
			children = (
				5A0A6D1425A080680022BD62 /* CustomNavigationBar */,
				5AEF849C259C81B600B9E972 /* StickerPicker */,
				5AEF8478259C80F600B9E972 /* PageControl */,
				5A754A0D258BA78D00A3B21D /* LoadingIndicator.swift */,
			);
			path = ComponentController;
			sourceTree = "<group>";
		};
		5A70C1972588F05B0048560F /* Model */ = {
			isa = PBXGroup;
			children = (
				5A70C1BE2588F3870048560F /* User.swift */,
				5A70C1C12588F4CB0048560F /* Group.swift */,
				5A70C1C42588F5D50048560F /* Message.swift */,
				5A70C1CB2588F88D0048560F /* UserAction.swift */,
				5A7F8F51258C3243005092FD /* CurrentUser.swift */,
				5AE6086D2594E3FF005D09DD /* TypeMessage.swift */,
			);
			path = Model;
			sourceTree = "<group>";
		};
		5A70C1982588F0610048560F /* View */ = {
			isa = PBXGroup;
			children = (
				5A506570258B1114000A97F2 /* LauchScreen */,
				5A50656F258B1100000A97F2 /* View Cell */,
				5A2666ED25899DF500669B03 /* Main.storyboard */,
				5A754A10258BA80100A3B21D /* LoadingIndicator.xib */,
			);
			path = View;
			sourceTree = "<group>";
		};
		5A70C1992588F0680048560F /* Controller */ = {
			isa = PBXGroup;
			children = (
				5A69033F259B84DE00B2AFDA /* ComponentController */,
				5A66F6A92599628A00BE3A65 /* AuthViewController */,
				5A506572258B1131000A97F2 /* ControllerCell */,
				5A4ED08A2596487400702478 /* ChatLogViewController */,
				5A791832258C867B009051BA /* AuthController.swift */,
				5A506549258AEAD1000A97F2 /* CoversationsViewController.swift */,
				5A79183A258CE4E3009051BA /* NewMessageViewController.swift */,
				5A50654C258AF796000A97F2 /* ContactsViewController.swift */,
				5A506574258B5661000A97F2 /* TabBarController.swift */,
				5A506577258B6467000A97F2 /* NavigationBarController.swift */,
				5A791836258C9881009051BA /* UserAcitivity.swift */,
				5A79183E258CF0F2009051BA /* DatabaseController.swift */,
				5A4ED0802595EE6900702478 /* StorageController.swift */,
				5A4ED0832596340D00702478 /* ImageDetailViewController.swift */,
				5A068F0D259812FB0061E115 /* VideoDetailViewController.swift */,
			);
			path = Controller;
			sourceTree = "<group>";
		};
		5A70C1C72588F7050048560F /* Macro */ = {
			isa = PBXGroup;
			children = (
				5A70C1C82588F71D0048560F /* TypeDef.swift */,
				5A50655C258B0D1A000A97F2 /* Constants.swift */,
				5A03764A259463090075DF9D /* Config.swift */,
			);
			path = Macro;
			sourceTree = "<group>";
		};
		5A70C1D125890FFB0048560F /* Helper */ = {
			isa = PBXGroup;
			children = (
				5A70C1CE25890EBC0048560F /* Extension.swift */,
				5A03764D2594640D0075DF9D /* ImageLoading.swift */,
				5A66F6AC25998D8900BE3A65 /* PlayerManager.swift */,
			);
			path = Helper;
			sourceTree = "<group>";
		};
		5A754A18258BBBEC00A3B21D /* Assets */ = {
			isa = PBXGroup;
			children = (
				5A754A19258BBBFA00A3B21D /* Animation */,
				5A4C35B12587517E00AAED51 /* Assets.xcassets */,
				5A0DEFA3259D4B7800A6F998 /* emojiList.plist */,
				5A0DEFA2259D4B7700A6F998 /* stickerList.plist */,
				5AEF84CB259C9BD400B9E972 /* image.jpeg */,
			);
			path = Assets;
			sourceTree = "<group>";
		};
		5A754A19258BBBFA00A3B21D /* Animation */ = {
			isa = PBXGroup;
			children = (
				5A068F112598A3C40061E115 /* loadingAnimation.json */,
				5A068F1A2598A6E60061E115 /* loadingAnimation-white.json */,
			);
			path = Animation;
			sourceTree = "<group>";
		};
		5AEF8478259C80F600B9E972 /* PageControl */ = {
			isa = PBXGroup;
			children = (
				5AEF8479259C810600B9E972 /* PageControlCell.swift */,
				5AEF847B259C810700B9E972 /* PageControlCell.xib */,
				5AEF847C259C810700B9E972 /* PageControlView.swift */,
				5AEF847A259C810700B9E972 /* PageControlView.xib */,
			);
			path = PageControl;
			sourceTree = "<group>";
		};
		5AEF849C259C81B600B9E972 /* StickerPicker */ = {
			isa = PBXGroup;
			children = (
				5AEF84A1259C81BE00B9E972 /* ListStickerCollectionViewCell.swift */,
				5AEF849F259C81BD00B9E972 /* ListStickerCollectionViewCell.xib */,
				5AEF849D259C81BC00B9E972 /* StickerCell.swift */,
				5AEF84A2259C81BE00B9E972 /* StickerCell.xib */,
				5AEF849E259C81BD00B9E972 /* StickerModel.swift */,
				5AEF84A4259C81BF00B9E972 /* StickerPicker.swift */,
				5AEF84A3259C81BE00B9E972 /* StickerPicker.xib */,
				5AEF84A0259C81BD00B9E972 /* StickerPicker+PageControl.swift */,
			);
			path = StickerPicker;
			sourceTree = "<group>";
		};
		5AEF84B8259C936F00B9E972 /* EmotionInputView */ = {
			isa = PBXGroup;
			children = (
				5A0DEFA8259D6A3B00A6F998 /* EmotionInputView.xib */,
				5A0DEFAC259D7ACE00A6F998 /* EmotionInputView.swift */,
				5A0DEFAF259D7D3A00A6F998 /* EmotionPickerView.swift */,
				5A0DEFB2259D7D4600A6F998 /* EmotionPickerView.xib */,
				5A0DEFB5259D7ED100A6F998 /* StickerPickerView.xib */,
				5A0DEFB8259D7EE700A6F998 /* StickerPickerView.swift */,
			);
			path = EmotionInputView;
			sourceTree = "<group>";
		};
		EB8ECEC8FD5E991F7F356E5E /* Frameworks */ = {
			isa = PBXGroup;
			children = (
				CF6C6652C0B662584432F7D6 /* Pods_MeloApp.framework */,
			);
			name = Frameworks;
			sourceTree = "<group>";
		};
/* End PBXGroup section */

/* Begin PBXNativeTarget section */
		5A4C35A42587517C00AAED51 /* MeloApp */ = {
			isa = PBXNativeTarget;
			buildConfigurationList = 5A4C35B92587517E00AAED51 /* Build configuration list for PBXNativeTarget "MeloApp" */;
			buildPhases = (
				864977E971F51009CDD2B499 /* [CP] Check Pods Manifest.lock */,
				5A4C35A12587517C00AAED51 /* Sources */,
				5A4C35A22587517C00AAED51 /* Frameworks */,
				5A4C35A32587517C00AAED51 /* Resources */,
				A8B10F5638A4287CD11BE7FB /* [CP] Embed Pods Frameworks */,
			);
			buildRules = (
			);
			dependencies = (
			);
			name = MeloApp;
			productName = MeloApp;
			productReference = 5A4C35A52587517C00AAED51 /* MeloApp.app */;
			productType = "com.apple.product-type.application";
		};
/* End PBXNativeTarget section */

/* Begin PBXProject section */
		5A4C359D2587517C00AAED51 /* Project object */ = {
			isa = PBXProject;
			attributes = {
				LastSwiftUpdateCheck = 1200;
				LastUpgradeCheck = 1200;
				TargetAttributes = {
					5A4C35A42587517C00AAED51 = {
						CreatedOnToolsVersion = 12.0;
					};
				};
			};
			buildConfigurationList = 5A4C35A02587517C00AAED51 /* Build configuration list for PBXProject "MeloApp" */;
			compatibilityVersion = "Xcode 9.3";
			developmentRegion = en;
			hasScannedForEncodings = 0;
			knownRegions = (
				en,
				Base,
			);
			mainGroup = 5A4C359C2587517C00AAED51;
			productRefGroup = 5A4C35A62587517C00AAED51 /* Products */;
			projectDirPath = "";
			projectRoot = "";
			targets = (
				5A4C35A42587517C00AAED51 /* MeloApp */,
			);
		};
/* End PBXProject section */

/* Begin PBXResourcesBuildPhase section */
		5A4C35A32587517C00AAED51 /* Resources */ = {
			isa = PBXResourcesBuildPhase;
			buildActionMask = 2147483647;
			files = (
				5A037635259431380075DF9D /* BubbleVideoChat.xib in Resources */,
				5AAF835825A0C8D600867BEF /* NavigationBarChatLog.xib in Resources */,
				5AAF835B25A0D01200867BEF /* NavigationBarNormal.xib in Resources */,
				5AEF84AA259C81BF00B9E972 /* StickerCell.xib in Resources */,
				5A0DEFB3259D7D4600A6F998 /* EmotionPickerView.xib in Resources */,
				5A2666EE25899DF500669B03 /* Main.storyboard in Resources */,
				5A2666DD258993A500669B03 /* eercast.ttf in Resources */,
				5A11720F25A1D7DE00AD8D8B /* BubbleStickerChat.xib in Resources */,
				5A0DEFB6259D7ED100A6F998 /* StickerPickerView.xib in Resources */,
				5AEF84AB259C81BF00B9E972 /* StickerPicker.xib in Resources */,
				5A754A11258BA80100A3B21D /* LoadingIndicator.xib in Resources */,
				5AF2B69F2590DEC900C49BF0 /* BubbleImageChat.xib in Resources */,
				5A992F2F258F349700BEF630 /* BubbleTextChat.xib in Resources */,
				5A50656D258B10F0000A97F2 /* OnlineFriendCell.xib in Resources */,
				5AEF84CC259C9BD400B9E972 /* image.jpeg in Resources */,
				5A4C35B52587517E00AAED51 /* LaunchScreen.storyboard in Resources */,
				5A506559258B01D4000A97F2 /* ConversationPrivateCell.xib in Resources */,
				5A4C35B22587517E00AAED51 /* Assets.xcassets in Resources */,
				5A068F1B2598A6E60061E115 /* loadingAnimation-white.json in Resources */,
				5AEF84A7259C81BF00B9E972 /* ListStickerCollectionViewCell.xib in Resources */,
				5AAF835E25A0D13500867BEF /* NavigationBarMain.xib in Resources */,
				5A506567258B0E45000A97F2 /* ContactCell.xib in Resources */,
				5A0DEFA5259D4B7800A6F998 /* emojiList.plist in Resources */,
				5A0DEFA9259D6A3B00A6F998 /* EmotionInputView.xib in Resources */,
				5A65FE86259B175D00D7C0B7 /* GoogleService-Info.plist in Resources */,
				5AEF847E259C810700B9E972 /* PageControlView.xib in Resources */,
				5A068F122598A3C70061E115 /* loadingAnimation.json in Resources */,
				5AEF847F259C810700B9E972 /* PageControlCell.xib in Resources */,
				5A0DEFA4259D4B7800A6F998 /* stickerList.plist in Resources */,
			);
			runOnlyForDeploymentPostprocessing = 0;
		};
/* End PBXResourcesBuildPhase section */

/* Begin PBXShellScriptBuildPhase section */
		864977E971F51009CDD2B499 /* [CP] Check Pods Manifest.lock */ = {
			isa = PBXShellScriptBuildPhase;
			buildActionMask = 2147483647;
			files = (
			);
			inputFileListPaths = (
			);
			inputPaths = (
				"${PODS_PODFILE_DIR_PATH}/Podfile.lock",
				"${PODS_ROOT}/Manifest.lock",
			);
			name = "[CP] Check Pods Manifest.lock";
			outputFileListPaths = (
			);
			outputPaths = (
				"$(DERIVED_FILE_DIR)/Pods-MeloApp-checkManifestLockResult.txt",
			);
			runOnlyForDeploymentPostprocessing = 0;
			shellPath = /bin/sh;
			shellScript = "diff \"${PODS_PODFILE_DIR_PATH}/Podfile.lock\" \"${PODS_ROOT}/Manifest.lock\" > /dev/null\nif [ $? != 0 ] ; then\n    # print error to STDERR\n    echo \"error: The sandbox is not in sync with the Podfile.lock. Run 'pod install' or update your CocoaPods installation.\" >&2\n    exit 1\nfi\n# This output is used by Xcode 'outputs' to avoid re-running this script phase.\necho \"SUCCESS\" > \"${SCRIPT_OUTPUT_FILE_0}\"\n";
			showEnvVarsInLog = 0;
		};
		A8B10F5638A4287CD11BE7FB /* [CP] Embed Pods Frameworks */ = {
			isa = PBXShellScriptBuildPhase;
			buildActionMask = 2147483647;
			files = (
			);
			inputFileListPaths = (
				"${PODS_ROOT}/Target Support Files/Pods-MeloApp/Pods-MeloApp-frameworks-${CONFIGURATION}-input-files.xcfilelist",
			);
			name = "[CP] Embed Pods Frameworks";
			outputFileListPaths = (
				"${PODS_ROOT}/Target Support Files/Pods-MeloApp/Pods-MeloApp-frameworks-${CONFIGURATION}-output-files.xcfilelist",
			);
			runOnlyForDeploymentPostprocessing = 0;
			shellPath = /bin/sh;
			shellScript = "\"${PODS_ROOT}/Target Support Files/Pods-MeloApp/Pods-MeloApp-frameworks.sh\"\n";
			showEnvVarsInLog = 0;
		};
/* End PBXShellScriptBuildPhase section */

/* Begin PBXSourcesBuildPhase section */
		5A4C35A12587517C00AAED51 /* Sources */ = {
			isa = PBXSourcesBuildPhase;
			buildActionMask = 2147483647;
			files = (
				5AF2B69E2590DEC900C49BF0 /* BubbleImageChat.swift in Sources */,
				5A506566258B0E45000A97F2 /* ContactCell.swift in Sources */,
				5AAF836525A0D73A00867BEF /* NavigationBarNormal.swift in Sources */,
				5A992F33258F34AD00BEF630 /* BubbleTextChat.swift in Sources */,
				5A524052259FE78800050C82 /* ChatLogViewController+Networking.swift in Sources */,
				5A2666EA25899D4F00669B03 /* LoginViewController.swift in Sources */,
				5A506558258B01D4000A97F2 /* ConversationPrivateCell.swift in Sources */,
				5AEF84A5259C81BF00B9E972 /* StickerCell.swift in Sources */,
				5A79183B258CE4E3009051BA /* NewMessageViewController.swift in Sources */,
				5AC65940258A644800155FB5 /* RegisterViewController.swift in Sources */,
				5A0DEFB9259D7EE700A6F998 /* StickerPickerView.swift in Sources */,
				5A3C3E362596506F0009EF29 /* ChatLogViewController+Extensions.swift in Sources */,
				5AAF836825A0D74800867BEF /* NavigationBarMain.swift in Sources */,
				5A4ED0842596340E00702478 /* ImageDetailViewController.swift in Sources */,
				5A50654A258AEAD1000A97F2 /* CoversationsViewController.swift in Sources */,
				5AEF84A6259C81BF00B9E972 /* StickerModel.swift in Sources */,
				5A70C1CF25890EBC0048560F /* Extension.swift in Sources */,
				5A506575258B5662000A97F2 /* TabBarController.swift in Sources */,
				5A70C1CC2588F88D0048560F /* UserAction.swift in Sources */,
				5A50654D258AF796000A97F2 /* ContactsViewController.swift in Sources */,
				5A70C1BF2588F3870048560F /* User.swift in Sources */,
				5AE6086E2594E3FF005D09DD /* TypeMessage.swift in Sources */,
				5A7F8F52258C3243005092FD /* CurrentUser.swift in Sources */,
				5A70C1C92588F71D0048560F /* TypeDef.swift in Sources */,
				5A4ED087259646DE00702478 /* ChatLogViewController+KeyboardHandler.swift in Sources */,
				5A48702A25A37AAE009A9897 /* ChatLogViewController+ListMessageManager.swift in Sources */,
				5AEF84A8259C81BF00B9E972 /* StickerPicker+PageControl.swift in Sources */,
				5A4C35A92587517C00AAED51 /* AppDelegate.swift in Sources */,
				5A70C1C52588F5D50048560F /* Message.swift in Sources */,
				5AED0C85258D9ACC004D1900 /* ChatLogViewController.swift in Sources */,
				5A0CCC3A259A2260006FAD71 /* ChatLogViewController+TableMessage.swift in Sources */,
				5A11720E25A1D7DE00AD8D8B /* BubbleStickerChat.swift in Sources */,
				5A4ED0812595EE6900702478 /* StorageController.swift in Sources */,
				5A037639259431540075DF9D /* BubbleBaseChat.swift in Sources */,
				5A506578258B6467000A97F2 /* NavigationBarController.swift in Sources */,
				5A03763C2594324E0075DF9D /* BubbleBaseChatDelegate.swift in Sources */,
				5A50655D258B0D1A000A97F2 /* Constants.swift in Sources */,
				5AEF84A9259C81BF00B9E972 /* ListStickerCollectionViewCell.swift in Sources */,
				5A3C3E31259650210009EF29 /* ChatLogViewController+CellHandlers.swift in Sources */,
				5A068F0E259812FB0061E115 /* VideoDetailViewController.swift in Sources */,
				5A70C1C22588F4CB0048560F /* Group.swift in Sources */,
				5A0DEFB0259D7D3A00A6F998 /* EmotionPickerView.swift in Sources */,
				5A66F6AD25998D8900BE3A65 /* PlayerManager.swift in Sources */,
				5AEF847D259C810700B9E972 /* PageControlCell.swift in Sources */,
				5A50656C258B10F0000A97F2 /* OnlineFriendCell.swift in Sources */,
				5A037634259431380075DF9D /* BubbleVideoChat.swift in Sources */,
				5A0DEFC6259E27B300A6F998 /* ChatLogViewController+Emotion.swift in Sources */,
				5A754A0E258BA78D00A3B21D /* LoadingIndicator.swift in Sources */,
				5AAF836225A0D72800867BEF /* NavigationBarChatLog.swift in Sources */,
				5A79183F258CF0F2009051BA /* DatabaseController.swift in Sources */,
				5A03764E2594640D0075DF9D /* ImageLoading.swift in Sources */,
				5A791833258C867B009051BA /* AuthController.swift in Sources */,
				5A4C35AB2587517C00AAED51 /* SceneDelegate.swift in Sources */,
				5A0DEFAD259D7ACE00A6F998 /* EmotionInputView.swift in Sources */,
				5A03764B259463090075DF9D /* Config.swift in Sources */,
				5A791837258C9881009051BA /* UserAcitivity.swift in Sources */,
				5AEF8480259C810700B9E972 /* PageControlView.swift in Sources */,
				5AEF84AC259C81BF00B9E972 /* StickerPicker.swift in Sources */,
			);
			runOnlyForDeploymentPostprocessing = 0;
		};
/* End PBXSourcesBuildPhase section */

/* Begin PBXVariantGroup section */
		5A4C35B32587517E00AAED51 /* LaunchScreen.storyboard */ = {
			isa = PBXVariantGroup;
			children = (
				5A4C35B42587517E00AAED51 /* Base */,
			);
			name = LaunchScreen.storyboard;
			sourceTree = "<group>";
		};
/* End PBXVariantGroup section */

/* Begin XCBuildConfiguration section */
		5A4C35B72587517E00AAED51 /* Debug */ = {
			isa = XCBuildConfiguration;
			buildSettings = {
				ALWAYS_SEARCH_USER_PATHS = NO;
				CLANG_ANALYZER_NONNULL = YES;
				CLANG_ANALYZER_NUMBER_OBJECT_CONVERSION = YES_AGGRESSIVE;
				CLANG_CXX_LANGUAGE_STANDARD = "gnu++14";
				CLANG_CXX_LIBRARY = "libc++";
				CLANG_ENABLE_MODULES = YES;
				CLANG_ENABLE_OBJC_ARC = YES;
				CLANG_ENABLE_OBJC_WEAK = YES;
				CLANG_WARN_BLOCK_CAPTURE_AUTORELEASING = YES;
				CLANG_WARN_BOOL_CONVERSION = YES;
				CLANG_WARN_COMMA = YES;
				CLANG_WARN_CONSTANT_CONVERSION = YES;
				CLANG_WARN_DEPRECATED_OBJC_IMPLEMENTATIONS = YES;
				CLANG_WARN_DIRECT_OBJC_ISA_USAGE = YES_ERROR;
				CLANG_WARN_DOCUMENTATION_COMMENTS = YES;
				CLANG_WARN_EMPTY_BODY = YES;
				CLANG_WARN_ENUM_CONVERSION = YES;
				CLANG_WARN_INFINITE_RECURSION = YES;
				CLANG_WARN_INT_CONVERSION = YES;
				CLANG_WARN_NON_LITERAL_NULL_CONVERSION = YES;
				CLANG_WARN_OBJC_IMPLICIT_RETAIN_SELF = YES;
				CLANG_WARN_OBJC_LITERAL_CONVERSION = YES;
				CLANG_WARN_OBJC_ROOT_CLASS = YES_ERROR;
				CLANG_WARN_QUOTED_INCLUDE_IN_FRAMEWORK_HEADER = YES;
				CLANG_WARN_RANGE_LOOP_ANALYSIS = YES;
				CLANG_WARN_STRICT_PROTOTYPES = YES;
				CLANG_WARN_SUSPICIOUS_MOVE = YES;
				CLANG_WARN_UNGUARDED_AVAILABILITY = YES_AGGRESSIVE;
				CLANG_WARN_UNREACHABLE_CODE = YES;
				CLANG_WARN__DUPLICATE_METHOD_MATCH = YES;
				COPY_PHASE_STRIP = NO;
				DEBUG_INFORMATION_FORMAT = dwarf;
				ENABLE_STRICT_OBJC_MSGSEND = YES;
				ENABLE_TESTABILITY = YES;
				GCC_C_LANGUAGE_STANDARD = gnu11;
				GCC_DYNAMIC_NO_PIC = NO;
				GCC_NO_COMMON_BLOCKS = YES;
				GCC_OPTIMIZATION_LEVEL = 0;
				GCC_PREPROCESSOR_DEFINITIONS = (
					"DEBUG=1",
					"$(inherited)",
				);
				GCC_WARN_64_TO_32_BIT_CONVERSION = YES;
				GCC_WARN_ABOUT_RETURN_TYPE = YES_ERROR;
				GCC_WARN_UNDECLARED_SELECTOR = YES;
				GCC_WARN_UNINITIALIZED_AUTOS = YES_AGGRESSIVE;
				GCC_WARN_UNUSED_FUNCTION = YES;
				GCC_WARN_UNUSED_VARIABLE = YES;
				IPHONEOS_DEPLOYMENT_TARGET = 13.1;
				MTL_ENABLE_DEBUG_INFO = INCLUDE_SOURCE;
				MTL_FAST_MATH = YES;
				ONLY_ACTIVE_ARCH = YES;
				SDKROOT = iphoneos;
				SWIFT_ACTIVE_COMPILATION_CONDITIONS = DEBUG;
				SWIFT_OPTIMIZATION_LEVEL = "-Onone";
			};
			name = Debug;
		};
		5A4C35B82587517E00AAED51 /* Release */ = {
			isa = XCBuildConfiguration;
			buildSettings = {
				ALWAYS_SEARCH_USER_PATHS = NO;
				CLANG_ANALYZER_NONNULL = YES;
				CLANG_ANALYZER_NUMBER_OBJECT_CONVERSION = YES_AGGRESSIVE;
				CLANG_CXX_LANGUAGE_STANDARD = "gnu++14";
				CLANG_CXX_LIBRARY = "libc++";
				CLANG_ENABLE_MODULES = YES;
				CLANG_ENABLE_OBJC_ARC = YES;
				CLANG_ENABLE_OBJC_WEAK = YES;
				CLANG_WARN_BLOCK_CAPTURE_AUTORELEASING = YES;
				CLANG_WARN_BOOL_CONVERSION = YES;
				CLANG_WARN_COMMA = YES;
				CLANG_WARN_CONSTANT_CONVERSION = YES;
				CLANG_WARN_DEPRECATED_OBJC_IMPLEMENTATIONS = YES;
				CLANG_WARN_DIRECT_OBJC_ISA_USAGE = YES_ERROR;
				CLANG_WARN_DOCUMENTATION_COMMENTS = YES;
				CLANG_WARN_EMPTY_BODY = YES;
				CLANG_WARN_ENUM_CONVERSION = YES;
				CLANG_WARN_INFINITE_RECURSION = YES;
				CLANG_WARN_INT_CONVERSION = YES;
				CLANG_WARN_NON_LITERAL_NULL_CONVERSION = YES;
				CLANG_WARN_OBJC_IMPLICIT_RETAIN_SELF = YES;
				CLANG_WARN_OBJC_LITERAL_CONVERSION = YES;
				CLANG_WARN_OBJC_ROOT_CLASS = YES_ERROR;
				CLANG_WARN_QUOTED_INCLUDE_IN_FRAMEWORK_HEADER = YES;
				CLANG_WARN_RANGE_LOOP_ANALYSIS = YES;
				CLANG_WARN_STRICT_PROTOTYPES = YES;
				CLANG_WARN_SUSPICIOUS_MOVE = YES;
				CLANG_WARN_UNGUARDED_AVAILABILITY = YES_AGGRESSIVE;
				CLANG_WARN_UNREACHABLE_CODE = YES;
				CLANG_WARN__DUPLICATE_METHOD_MATCH = YES;
				COPY_PHASE_STRIP = NO;
				DEBUG_INFORMATION_FORMAT = "dwarf-with-dsym";
				ENABLE_NS_ASSERTIONS = NO;
				ENABLE_STRICT_OBJC_MSGSEND = YES;
				GCC_C_LANGUAGE_STANDARD = gnu11;
				GCC_NO_COMMON_BLOCKS = YES;
				GCC_WARN_64_TO_32_BIT_CONVERSION = YES;
				GCC_WARN_ABOUT_RETURN_TYPE = YES_ERROR;
				GCC_WARN_UNDECLARED_SELECTOR = YES;
				GCC_WARN_UNINITIALIZED_AUTOS = YES_AGGRESSIVE;
				GCC_WARN_UNUSED_FUNCTION = YES;
				GCC_WARN_UNUSED_VARIABLE = YES;
				IPHONEOS_DEPLOYMENT_TARGET = 13.1;
				MTL_ENABLE_DEBUG_INFO = NO;
				MTL_FAST_MATH = YES;
				SDKROOT = iphoneos;
				SWIFT_COMPILATION_MODE = wholemodule;
				SWIFT_OPTIMIZATION_LEVEL = "-O";
				VALIDATE_PRODUCT = YES;
			};
			name = Release;
		};
		5A4C35BA2587517E00AAED51 /* Debug */ = {
			isa = XCBuildConfiguration;
			baseConfigurationReference = CFF9234769C530D7763BC809 /* Pods-MeloApp.debug.xcconfig */;
			buildSettings = {
				ASSETCATALOG_COMPILER_APPICON_NAME = AppIcon;
				ASSETCATALOG_COMPILER_GLOBAL_ACCENT_COLOR_NAME = AccentColor;
				CODE_SIGN_STYLE = Automatic;
				INFOPLIST_FILE = MeloApp/Info.plist;
				IPHONEOS_DEPLOYMENT_TARGET = 13.0;
				LD_RUNPATH_SEARCH_PATHS = (
					"$(inherited)",
					"@executable_path/Frameworks",
				);
				PRODUCT_BUNDLE_IDENTIFIER = ndmt1at21.MeloApp;
				PRODUCT_NAME = "$(TARGET_NAME)";
				SWIFT_VERSION = 5.0;
				TARGETED_DEVICE_FAMILY = "1,2";
			};
			name = Debug;
		};
		5A4C35BB2587517E00AAED51 /* Release */ = {
			isa = XCBuildConfiguration;
			baseConfigurationReference = E07A5DE286C57D271543718E /* Pods-MeloApp.release.xcconfig */;
			buildSettings = {
				ASSETCATALOG_COMPILER_APPICON_NAME = AppIcon;
				ASSETCATALOG_COMPILER_GLOBAL_ACCENT_COLOR_NAME = AccentColor;
				CODE_SIGN_STYLE = Automatic;
				INFOPLIST_FILE = MeloApp/Info.plist;
				IPHONEOS_DEPLOYMENT_TARGET = 13.0;
				LD_RUNPATH_SEARCH_PATHS = (
					"$(inherited)",
					"@executable_path/Frameworks",
				);
				PRODUCT_BUNDLE_IDENTIFIER = ndmt1at21.MeloApp;
				PRODUCT_NAME = "$(TARGET_NAME)";
				SWIFT_VERSION = 5.0;
				TARGETED_DEVICE_FAMILY = "1,2";
			};
			name = Release;
		};
/* End XCBuildConfiguration section */

/* Begin XCConfigurationList section */
		5A4C35A02587517C00AAED51 /* Build configuration list for PBXProject "MeloApp" */ = {
			isa = XCConfigurationList;
			buildConfigurations = (
				5A4C35B72587517E00AAED51 /* Debug */,
				5A4C35B82587517E00AAED51 /* Release */,
			);
			defaultConfigurationIsVisible = 0;
			defaultConfigurationName = Release;
		};
		5A4C35B92587517E00AAED51 /* Build configuration list for PBXNativeTarget "MeloApp" */ = {
			isa = XCConfigurationList;
			buildConfigurations = (
				5A4C35BA2587517E00AAED51 /* Debug */,
				5A4C35BB2587517E00AAED51 /* Release */,
			);
			defaultConfigurationIsVisible = 0;
			defaultConfigurationName = Release;
		};
/* End XCConfigurationList section */
	};
	rootObject = 5A4C359D2587517C00AAED51 /* Project object */;
}
